
Microsoft Visual Studio Solution File, Format Version 12.00
# Visual Studio Version 17
VisualStudioVersion = 17.5.33424.131
MinimumVisualStudioVersion = 10.0.40219.1
Project("{FAE04EC0-301F-11D3-BF4B-00C04F79EFBC}") = "Hotel room", "Hotel room.csproj", "{DB3023A0-A849-4D08-8894-D1226593C0EF}"
EndProject
Global
	GlobalSection(SolutionConfigurationPlatforms) = preSolution
		Debug|Any CPU = Debug|Any CPU
		Release|Any CPU = Release|Any CPU
	EndGlobalSection
	GlobalSection(ProjectConfigurationPlatforms) = postSolution
		{DB3023A0-A849-4D08-8894-D1226593C0EF}.Debug|Any CPU.ActiveCfg = Debug|Any CPU
		{DB3023A0-A849-4D08-8894-D1226593C0EF}.Debug|Any CPU.Build.0 = Debug|Any CPU
		{DB3023A0-A849-4D08-8894-D1226593C0EF}.Release|Any CPU.ActiveCfg = Release|Any CPU
		{DB3023A0-A849-4D08-8894-D1226593C0EF}.Release|Any CPU.Build.0 = Release|Any CPU
	EndGlobalSection
	GlobalSection(SolutionProperties) = preSolution
		HideSolutionNode = FALSE
	EndGlobalSection
	GlobalSection(ExtensibilityGlobals) = postSolution
		SolutionGuid = {9C407293-723C-43C0-BB94-E5F3E5C94E3C}
	EndGlobalSection
EndGlobal
